// !$*UTF8*$!
{
	archiveVersion = 1;
	classes = {
	};
	objectVersion = 46;
	objects = {

/* Begin PBXFileReference section */
		B32E75D41F0F98200033D482 /* src */ = {isa = PBXFileReference; lastKnownFileType = folder; path = src; sourceTree = "<group>"; };
		B32E75D51F0F9B0A0033D482 /* bin */ = {isa = PBXFileReference; lastKnownFileType = folder; path = bin; sourceTree = "<group>"; };
/* End PBXFileReference section */

/* Begin PBXGroup section */
		B32E75CB1F0E797D0033D482 = {
			isa = PBXGroup;
			children = (
				B32E75D51F0F9B0A0033D482 /* bin */,
				B32E75D41F0F98200033D482 /* src */,
			);
			sourceTree = "<group>";
		};
/* End PBXGroup section */

/* Begin PBXProject section */
		B32E75CC1F0E797D0033D482 /* Project object */ = {
			isa = PBXProject;
			attributes = {
				LastUpgradeCheck = 0830;
			};
			buildConfigurationList = B32E75CF1F0E797D0033D482 /* Build configuration list for PBXProject "PySpec" */;
			compatibilityVersion = "Xcode 3.2";
			developmentRegion = English;
			hasScannedForEncodings = 0;
			knownRegions = (
				en,
			);
			mainGroup = B32E75CB1F0E797D0033D482;
			projectDirPath = "";
			projectRoot = "";
			targets = (
			);
		};
/* End PBXProject section */

/* Begin XCBuildConfiguration section */
		B32E75D01F0E797D0033D482 /* Debug */ = {
			isa = XCBuildConfiguration;
			buildSettings = {
			};
			name = Debug;
		};
		B32E75D11F0E797D0033D482 /* Release */ = {
			isa = XCBuildConfiguration;
			buildSettings = {
			};
			name = Release;
		};
/* End XCBuildConfiguration section */

/* Begin XCConfigurationList section */
		B32E75CF1F0E797D0033D482 /* Build configuration list for PBXProject "PySpec" */ = {
			isa = XCConfigurationList;
			buildConfigurations = (
				B32E75D01F0E797D0033D482 /* Debug */,
				B32E75D11F0E797D0033D482 /* Release */,
			);
			defaultConfigurationIsVisible = 0;
			defaultConfigurationName = Release;
		};
/* End XCConfigurationList section */
	};
	rootObject = B32E75CC1F0E797D0033D482 /* Project object */;
}
